
Microsoft Visual Studio Solution File, Format Version 12.00
# Visual Studio Version 17
VisualStudioVersion = 17.7.34018.315
MinimumVisualStudioVersion = 10.0.40219.1
Project("{8BC9CEB8-8B4A-11D0-8D11-00A0C91BC942}") = "0 - Hello World", "0 - Hello World\0 - Hello World.vcxproj", "{5A303A5A-58F3-494A-8C7E-D782DC3A81AF}"
EndProject
Project("{8BC9CEB8-8B4A-11D0-8D11-00A0C91BC942}") = "1 - Intro", "1 - Intro\1 - Intro.vcxproj", "{FC5974E4-3981-4D48-8D41-C453F05BC847}"
EndProject
Project("{8BC9CEB8-8B4A-11D0-8D11-00A0C91BC942}") = "2 - Primitive Types And Literals", "2 - Primitive Types And Literals\2 - Primitive Types And Literals.vcxproj", "{0BF20E06-3E1F-41F9-AB00-7E8BF9FD491D}"
EndProject
Project("{8BC9CEB8-8B4A-11D0-8D11-00A0C91BC942}") = "3 - Variables And Initialization", "3 - Variables And Initialization\3 - Variables And Initialization.vcxproj", "{039C3963-0999-427B-8572-04EC788638A7}"
EndProject
Project("{8BC9CEB8-8B4A-11D0-8D11-00A0C91BC942}") = "4 - Functions", "4 - Functions\4 - Functions.vcxproj", "{6A3297C1-8105-4499-BA3D-84B4E96FCC2B}"
EndProject
Project("{8BC9CEB8-8B4A-11D0-8D11-00A0C91BC942}") = "5 - Build Model", "5 - Build Model\5 - Build Model.vcxproj", "{E78A4DB2-143D-4547-8308-264BF5F2B85E}"
EndProject
Project("{8BC9CEB8-8B4A-11D0-8D11-00A0C91BC942}") = "6 - Instantiate", "6 - Instantiate\6 - Instantiate.vcxproj", "{2FE47B87-1FFC-44CC-A8C1-BE18F1244C3D}"
EndProject
Project("{8BC9CEB8-8B4A-11D0-8D11-00A0C91BC942}") = "7 - Pointers And References", "7 - Pointers And References\7 - Pointers And References.vcxproj", "{A4E6A9F5-FF12-4B92-9768-3B29F7C7C3D2}"
EndProject
Project("{8BC9CEB8-8B4A-11D0-8D11-00A0C91BC942}") = "8 - Inheritance", "8 - Inheritance\8 - Inheritance.vcxproj", "{2998E376-65FD-4EB4-B273-09578CB7361F}"
EndProject
Project("{8BC9CEB8-8B4A-11D0-8D11-00A0C91BC942}") = "9 - Strings", "9 - Strings\9 - Strings.vcxproj", "{5DC9221E-01A2-409B-9244-3010EF8B92DC}"
EndProject
Project("{8BC9CEB8-8B4A-11D0-8D11-00A0C91BC942}") = "10 - File IO", "10 - File IO\10 - File IO.vcxproj", "{3A4199AE-A35F-4EB3-A6BC-7A3E93B6A592}"
EndProject
Global
	GlobalSection(SolutionConfigurationPlatforms) = preSolution
		Debug|x64 = Debug|x64
		Debug|x86 = Debug|x86
		Release|x64 = Release|x64
		Release|x86 = Release|x86
	EndGlobalSection
	GlobalSection(ProjectConfigurationPlatforms) = postSolution
		{5A303A5A-58F3-494A-8C7E-D782DC3A81AF}.Debug|x64.ActiveCfg = Debug|x64
		{5A303A5A-58F3-494A-8C7E-D782DC3A81AF}.Debug|x64.Build.0 = Debug|x64
		{5A303A5A-58F3-494A-8C7E-D782DC3A81AF}.Debug|x86.ActiveCfg = Debug|x64
		{5A303A5A-58F3-494A-8C7E-D782DC3A81AF}.Release|x64.ActiveCfg = Release|x64
		{5A303A5A-58F3-494A-8C7E-D782DC3A81AF}.Release|x64.Build.0 = Release|x64
		{5A303A5A-58F3-494A-8C7E-D782DC3A81AF}.Release|x86.ActiveCfg = Release|x64
		{FC5974E4-3981-4D48-8D41-C453F05BC847}.Debug|x64.ActiveCfg = Debug|x64
		{FC5974E4-3981-4D48-8D41-C453F05BC847}.Debug|x64.Build.0 = Debug|x64
		{FC5974E4-3981-4D48-8D41-C453F05BC847}.Debug|x86.ActiveCfg = Debug|Win32
		{FC5974E4-3981-4D48-8D41-C453F05BC847}.Debug|x86.Build.0 = Debug|Win32
		{FC5974E4-3981-4D48-8D41-C453F05BC847}.Release|x64.ActiveCfg = Release|x64
		{FC5974E4-3981-4D48-8D41-C453F05BC847}.Release|x64.Build.0 = Release|x64
		{FC5974E4-3981-4D48-8D41-C453F05BC847}.Release|x86.ActiveCfg = Release|Win32
		{FC5974E4-3981-4D48-8D41-C453F05BC847}.Release|x86.Build.0 = Release|Win32
		{0BF20E06-3E1F-41F9-AB00-7E8BF9FD491D}.Debug|x64.ActiveCfg = Debug|x64
		{0BF20E06-3E1F-41F9-AB00-7E8BF9FD491D}.Debug|x64.Build.0 = Debug|x64
		{0BF20E06-3E1F-41F9-AB00-7E8BF9FD491D}.Debug|x86.ActiveCfg = Debug|Win32
		{0BF20E06-3E1F-41F9-AB00-7E8BF9FD491D}.Debug|x86.Build.0 = Debug|Win32
		{0BF20E06-3E1F-41F9-AB00-7E8BF9FD491D}.Release|x64.ActiveCfg = Release|x64
		{0BF20E06-3E1F-41F9-AB00-7E8BF9FD491D}.Release|x64.Build.0 = Release|x64
		{0BF20E06-3E1F-41F9-AB00-7E8BF9FD491D}.Release|x86.ActiveCfg = Release|Win32
		{0BF20E06-3E1F-41F9-AB00-7E8BF9FD491D}.Release|x86.Build.0 = Release|Win32
		{039C3963-0999-427B-8572-04EC788638A7}.Debug|x64.ActiveCfg = Debug|x64
		{039C3963-0999-427B-8572-04EC788638A7}.Debug|x64.Build.0 = Debug|x64
		{039C3963-0999-427B-8572-04EC788638A7}.Debug|x86.ActiveCfg = Debug|Win32
		{039C3963-0999-427B-8572-04EC788638A7}.Debug|x86.Build.0 = Debug|Win32
		{039C3963-0999-427B-8572-04EC788638A7}.Release|x64.ActiveCfg = Release|x64
		{039C3963-0999-427B-8572-04EC788638A7}.Release|x64.Build.0 = Release|x64
		{039C3963-0999-427B-8572-04EC788638A7}.Release|x86.ActiveCfg = Release|Win32
		{039C3963-0999-427B-8572-04EC788638A7}.Release|x86.Build.0 = Release|Win32
		{6A3297C1-8105-4499-BA3D-84B4E96FCC2B}.Debug|x64.ActiveCfg = Debug|x64
		{6A3297C1-8105-4499-BA3D-84B4E96FCC2B}.Debug|x64.Build.0 = Debug|x64
		{6A3297C1-8105-4499-BA3D-84B4E96FCC2B}.Debug|x86.ActiveCfg = Debug|Win32
		{6A3297C1-8105-4499-BA3D-84B4E96FCC2B}.Debug|x86.Build.0 = Debug|Win32
		{6A3297C1-8105-4499-BA3D-84B4E96FCC2B}.Release|x64.ActiveCfg = Release|x64
		{6A3297C1-8105-4499-BA3D-84B4E96FCC2B}.Release|x64.Build.0 = Release|x64
		{6A3297C1-8105-4499-BA3D-84B4E96FCC2B}.Release|x86.ActiveCfg = Release|Win32
		{6A3297C1-8105-4499-BA3D-84B4E96FCC2B}.Release|x86.Build.0 = Release|Win32
		{E78A4DB2-143D-4547-8308-264BF5F2B85E}.Debug|x64.ActiveCfg = Debug|x64
		{E78A4DB2-143D-4547-8308-264BF5F2B85E}.Debug|x64.Build.0 = Debug|x64
		{E78A4DB2-143D-4547-8308-264BF5F2B85E}.Debug|x86.ActiveCfg = Debug|Win32
		{E78A4DB2-143D-4547-8308-264BF5F2B85E}.Debug|x86.Build.0 = Debug|Win32
		{E78A4DB2-143D-4547-8308-264BF5F2B85E}.Release|x64.ActiveCfg = Release|x64
		{E78A4DB2-143D-4547-8308-264BF5F2B85E}.Release|x64.Build.0 = Release|x64
		{E78A4DB2-143D-4547-8308-264BF5F2B85E}.Release|x86.ActiveCfg = Release|Win32
		{E78A4DB2-143D-4547-8308-264BF5F2B85E}.Release|x86.Build.0 = Release|Win32
		{2FE47B87-1FFC-44CC-A8C1-BE18F1244C3D}.Debug|x64.ActiveCfg = Debug|x64
		{2FE47B87-1FFC-44CC-A8C1-BE18F1244C3D}.Debug|x64.Build.0 = Debug|x64
		{2FE47B87-1FFC-44CC-A8C1-BE18F1244C3D}.Debug|x86.ActiveCfg = Debug|Win32
		{2FE47B87-1FFC-44CC-A8C1-BE18F1244C3D}.Debug|x86.Build.0 = Debug|Win32
		{2FE47B87-1FFC-44CC-A8C1-BE18F1244C3D}.Release|x64.ActiveCfg = Release|x64
		{2FE47B87-1FFC-44CC-A8C1-BE18F1244C3D}.Release|x64.Build.0 = Release|x64
		{2FE47B87-1FFC-44CC-A8C1-BE18F1244C3D}.Release|x86.ActiveCfg = Release|Win32
		{2FE47B87-1FFC-44CC-A8C1-BE18F1244C3D}.Release|x86.Build.0 = Release|Win32
		{A4E6A9F5-FF12-4B92-9768-3B29F7C7C3D2}.Debug|x64.ActiveCfg = Debug|x64
		{A4E6A9F5-FF12-4B92-9768-3B29F7C7C3D2}.Debug|x64.Build.0 = Debug|x64
		{A4E6A9F5-FF12-4B92-9768-3B29F7C7C3D2}.Debug|x86.ActiveCfg = Debug|Win32
		{A4E6A9F5-FF12-4B92-9768-3B29F7C7C3D2}.Debug|x86.Build.0 = Debug|Win32
		{A4E6A9F5-FF12-4B92-9768-3B29F7C7C3D2}.Release|x64.ActiveCfg = Release|x64
		{A4E6A9F5-FF12-4B92-9768-3B29F7C7C3D2}.Release|x64.Build.0 = Release|x64
		{A4E6A9F5-FF12-4B92-9768-3B29F7C7C3D2}.Release|x86.ActiveCfg = Release|Win32
		{A4E6A9F5-FF12-4B92-9768-3B29F7C7C3D2}.Release|x86.Build.0 = Release|Win32
		{2998E376-65FD-4EB4-B273-09578CB7361F}.Debug|x64.ActiveCfg = Debug|x64
		{2998E376-65FD-4EB4-B273-09578CB7361F}.Debug|x64.Build.0 = Debug|x64
		{2998E376-65FD-4EB4-B273-09578CB7361F}.Debug|x86.ActiveCfg = Debug|Win32
		{2998E376-65FD-4EB4-B273-09578CB7361F}.Debug|x86.Build.0 = Debug|Win32
		{2998E376-65FD-4EB4-B273-09578CB7361F}.Release|x64.ActiveCfg = Release|x64
		{2998E376-65FD-4EB4-B273-09578CB7361F}.Release|x64.Build.0 = Release|x64
		{2998E376-65FD-4EB4-B273-09578CB7361F}.Release|x86.ActiveCfg = Release|Win32
		{2998E376-65FD-4EB4-B273-09578CB7361F}.Release|x86.Build.0 = Release|Win32
		{5DC9221E-01A2-409B-9244-3010EF8B92DC}.Debug|x64.ActiveCfg = Debug|x64
		{5DC9221E-01A2-409B-9244-3010EF8B92DC}.Debug|x64.Build.0 = Debug|x64
		{5DC9221E-01A2-409B-9244-3010EF8B92DC}.Debug|x86.ActiveCfg = Debug|Win32
		{5DC9221E-01A2-409B-9244-3010EF8B92DC}.Debug|x86.Build.0 = Debug|Win32
		{5DC9221E-01A2-409B-9244-3010EF8B92DC}.Release|x64.ActiveCfg = Release|x64
		{5DC9221E-01A2-409B-9244-3010EF8B92DC}.Release|x64.Build.0 = Release|x64
		{5DC9221E-01A2-409B-9244-3010EF8B92DC}.Release|x86.ActiveCfg = Release|Win32
		{5DC9221E-01A2-409B-9244-3010EF8B92DC}.Release|x86.Build.0 = Release|Win32
		{3A4199AE-A35F-4EB3-A6BC-7A3E93B6A592}.Debug|x64.ActiveCfg = Debug|x64
		{3A4199AE-A35F-4EB3-A6BC-7A3E93B6A592}.Debug|x64.Build.0 = Debug|x64
		{3A4199AE-A35F-4EB3-A6BC-7A3E93B6A592}.Debug|x86.ActiveCfg = Debug|Win32
		{3A4199AE-A35F-4EB3-A6BC-7A3E93B6A592}.Debug|x86.Build.0 = Debug|Win32
		{3A4199AE-A35F-4EB3-A6BC-7A3E93B6A592}.Release|x64.ActiveCfg = Release|x64
		{3A4199AE-A35F-4EB3-A6BC-7A3E93B6A592}.Release|x64.Build.0 = Release|x64
		{3A4199AE-A35F-4EB3-A6BC-7A3E93B6A592}.Release|x86.ActiveCfg = Release|Win32
		{3A4199AE-A35F-4EB3-A6BC-7A3E93B6A592}.Release|x86.Build.0 = Release|Win32
	EndGlobalSection
	GlobalSection(SolutionProperties) = preSolution
		HideSolutionNode = FALSE
	EndGlobalSection
	GlobalSection(ExtensibilityGlobals) = postSolution
		SolutionGuid = {BBFD3D09-467A-4027-8BBF-3274A3C3BC1C}
	EndGlobalSection
EndGlobal
